
Microsoft Visual Studio Solution File, Format Version 12.00
# Visual Studio 15
VisualStudioVersion = 15.0.28307.329
MinimumVisualStudioVersion = 10.0.40219.1
Project("{9A19103F-16F7-4668-BE54-9A1E7A4F7556}") = "BilletLibrary12", "BilletLibrary12\BilletLibrary12.csproj", "{01C266CA-627D-4611-81DF-66206D37968E}"
EndProject
Project("{FAE04EC0-301F-11D3-BF4B-00C04F79EFBC}") = "BilletTest", "BilletTest\BilletTest.csproj", "{54FFD023-20E2-41D2-8724-07D3C8E1A32C}"
EndProject
Global
	GlobalSection(SolutionConfigurationPlatforms) = preSolution
		Debug|Any CPU = Debug|Any CPU
		Release|Any CPU = Release|Any CPU
	EndGlobalSection
	GlobalSection(ProjectConfigurationPlatforms) = postSolution
		{01C266CA-627D-4611-81DF-66206D37968E}.Debug|Any CPU.ActiveCfg = Debug|Any CPU
		{01C266CA-627D-4611-81DF-66206D37968E}.Debug|Any CPU.Build.0 = Debug|Any CPU
		{01C266CA-627D-4611-81DF-66206D37968E}.Release|Any CPU.ActiveCfg = Release|Any CPU
		{01C266CA-627D-4611-81DF-66206D37968E}.Release|Any CPU.Build.0 = Release|Any CPU
		{54FFD023-20E2-41D2-8724-07D3C8E1A32C}.Debug|Any CPU.ActiveCfg = Debug|Any CPU
		{54FFD023-20E2-41D2-8724-07D3C8E1A32C}.Debug|Any CPU.Build.0 = Debug|Any CPU
		{54FFD023-20E2-41D2-8724-07D3C8E1A32C}.Release|Any CPU.ActiveCfg = Release|Any CPU
		{54FFD023-20E2-41D2-8724-07D3C8E1A32C}.Release|Any CPU.Build.0 = Release|Any CPU
	EndGlobalSection
	GlobalSection(SolutionProperties) = preSolution
		HideSolutionNode = FALSE
	EndGlobalSection
	GlobalSection(ExtensibilityGlobals) = postSolution
		SolutionGuid = {7FE5B04E-F604-4B5D-8F61-5BCC90AE8BE2}
	EndGlobalSection
EndGlobal
